
Microsoft Visual Studio Solution File, Format Version 12.00
# Visual Studio 15
VisualStudioVersion = 15.0.28010.2050
MinimumVisualStudioVersion = 10.0.40219.1
Project("{FAE04EC0-301F-11D3-BF4B-00C04F79EFBC}") = "StatisticalApp", "StatisticalApp\StatisticalApp.csproj", "{CE6C5D59-E687-4A62-89FB-4EDE9076819E}"
EndProject
Global
	GlobalSection(SolutionConfigurationPlatforms) = preSolution
		Debug|Any CPU = Debug|Any CPU
		Release|Any CPU = Release|Any CPU
	EndGlobalSection
	GlobalSection(ProjectConfigurationPlatforms) = postSolution
		{CE6C5D59-E687-4A62-89FB-4EDE9076819E}.Debug|Any CPU.ActiveCfg = Debug|Any CPU
		{CE6C5D59-E687-4A62-89FB-4EDE9076819E}.Debug|Any CPU.Build.0 = Debug|Any CPU
		{CE6C5D59-E687-4A62-89FB-4EDE9076819E}.Release|Any CPU.ActiveCfg = Release|Any CPU
		{CE6C5D59-E687-4A62-89FB-4EDE9076819E}.Release|Any CPU.Build.0 = Release|Any CPU
	EndGlobalSection
	GlobalSection(SolutionProperties) = preSolution
		HideSolutionNode = FALSE
	EndGlobalSection
	GlobalSection(ExtensibilityGlobals) = postSolution
		SolutionGuid = {FA898822-B55E-40BE-B95C-F536F7977AEB}
	EndGlobalSection
EndGlobal
